<?xml version="1.0" encoding="UTF-8" standalone="yes" ?>
<CodeBlocks_project_file>
	<FileVersion major="1" minor="6" />
	<Project>
		<Option title="tbeta" />
		<Option pch_mode="2" />
		<Option compiler="gcc" />
		<Option virtualFolders="addons\;libs\;src\;libs\openframeworks\;libs\openframeworks\app\;libs\openframeworks\communication\;libs\openframeworks\graphics\;libs\openframeworks\sound\;libs\openframeworks\utils\;libs\openframeworks\video\;libs\openframeworks\events\;addons\ofxDirList\;addons\ofxOsc\;addons\ofxOsc\src\;addons\ofxDirList\src\;addons\ofxVectorMath\;addons\ofxVectorMath\src\;addons\oxXmlSettings\;addons\oxXmlSettings\src\;addons\oxXmlSettings\libs\;" />
		<Build>
			<Target title="release">
				<Option output="bin\tbeta" prefix_auto="1" extension_auto="1" />
				<Option working_dir="bin" />
				<Option object_output="obj\release" />
				<Option type="1" />
				<Option compiler="gcc" />
			</Target>
			<Target title="debug">
				<Option output="bin\tbeta_DEBUG" prefix_auto="1" extension_auto="1" />
				<Option working_dir="bin" />
				<Option object_output="obj\debug\" />
				<Option type="1" />
				<Option compiler="gcc" />
				<Compiler>
					<Add option="-g" />
				</Compiler>
			</Target>
		</Build>
		<Compiler>
			<Add option="-Wno-multichar" />
			<Add directory="..\..\..\libs\glu" />
			<Add directory="..\..\..\libs\freeType\include" />
			<Add directory="..\..\..\libs\freeType\include\freetype2" />
			<Add directory="..\..\..\libs\freeImage" />
			<Add directory="..\..\..\libs\quicktime\CIncludes" />
			<Add directory="..\..\..\libs\RtAudio" />
			<Add directory="..\..\..\libs\fmodex\inc" />
			<Add directory="..\..\..\libs\videoInput\include" />
			<Add directory="..\..\..\libs\glee\include" />
			<Add directory="..\..\..\libs\glut" />
			<Add directory="..\..\..\libs\openFrameworks" />
			<Add directory="..\..\..\libs\openFrameworks\app" />
			<Add directory="..\..\..\libs\openFrameworks\graphics" />
			<Add directory="..\..\..\libs\openFrameworks\utils" />
			<Add directory="..\..\..\libs\openFrameworks\sound" />
			<Add directory="..\..\..\libs\openFrameworks\video" />
			<Add directory="..\..\..\libs\openFrameworks\communication" />
			<Add directory="..\..\..\libs\openFrameworks\events" />
			<Add directory="..\..\..\addons" />
			<Add directory="..\..\..\libs\poco\includes" />
			<Add directory="..\..\..\addons\ofxDirList\src" />
			<Add directory="..\..\..\addons\ofxOpenCv" />
			<Add directory="..\..\..\addons\ofxOpenCv\src" />
			<Add directory="..\..\..\addons\ofxOpenCv\libs\opencv\include" />
			<Add directory="..\..\..\addons\ofxXmlSettings\src" />
			<Add directory="..\..\..\addons\ofxOsc\src" />
			<Add directory="..\..\..\addons\ofxXmlSettings\libs" />
			<Add directory="..\..\..\addons\ofxOsc\libs\oscpack\include\ip" />
			<Add directory="..\..\..\addons\ofxOsc\libs\oscpack\include\osc" />
			<Add directory="..\..\..\addons\ofxThread\src" />
			<Add directory="..\..\..\addons\ofxVectorMath\src" />
		</Compiler>
		<Linker>
			<Add option="../../../libs/freeImage/FreeImage.lib" />
			<Add option="../../../libs/RtAudio/RtAudio.a" />
			<Add option="../../../libs/quicktime/Libraries/qtmlClient.lib" />
			<Add option="../../../libs/freetype/lib/libfreetype.a" />
			<Add option="../../../libs/glut/libglut.a" />
			<Add option="../../../libs/videoInput/lib/videoInputLib.a" />
			<Add option="../../../libs/fmodex/lib/libfmodex.a" />
			<Add option="../../../libs/glee/lib/GLee.lib" />
			<Add option="../../../libs/glu/glu32.lib" />
			<Add option="../../../addons/ofxOpenCv/libs/opencv/lib/win32/cv.lib" />
			<Add option="../../../addons/ofxOpenCv/libs/opencv/lib/win32/cxcore.lib" />
			<Add option="../../../addons/ofxOsc/libs/oscpack/lib/win32/oscpack.a" />
			<Add option="../../../libs/poco/libs/libPocoFoundation.a" />
			<Add option="../../../libs/poco/libs/libPocoNet.a" />
			<Add option="../../../libs/poco/libs/libPocoUtil.a" />
			<Add option="../../../libs/poco/libs/libPocoXML.a" />
			<Add option="-lopengl32" />
			<Add option="-lglu32" />
			<Add option="-ldsound" />
			<Add option="-lwinmm" />
			<Add option="-ldxguid" />
			<Add option="-lstrmbase" />
			<Add option="-lstrmiids" />
			<Add option="-lz" />
			<Add option="-luuid" />
			<Add option="-lole32" />
			<Add option="-loleaut32" />
			<Add option="-lsetupapi" />
			<Add option="-lwsock32" />
			<Add option="-lws2_32" />
		</Linker>
		<Unit filename="..\..\..\addons\ofAddons.h">
			<Option virtualFolder="addons\" />
		</Unit>
		<Unit filename="..\..\..\addons\ofxDirList\src\ofxDirList.cpp">
			<Option virtualFolder="addons\ofxDirList\src\" />
		</Unit>
		<Unit filename="..\..\..\addons\ofxDirList\src\ofxDirList.h">
			<Option virtualFolder="addons\ofxDirList\src\" />
		</Unit>
		<Unit filename="..\..\..\addons\ofxOpenCv\libs\opencv\include\cv.h" />
		<Unit filename="..\..\..\addons\ofxOpenCv\libs\opencv\include\cv.hpp" />
		<Unit filename="..\..\..\addons\ofxOpenCv\libs\opencv\include\cvaux.h" />
		<Unit filename="..\..\..\addons\ofxOpenCv\libs\opencv\include\cvaux.hpp" />
		<Unit filename="..\..\..\addons\ofxOpenCv\libs\opencv\include\cvcompat.h" />
		<Unit filename="..\..\..\addons\ofxOpenCv\libs\opencv\include\cvmat.hpp" />
		<Unit filename="..\..\..\addons\ofxOpenCv\libs\opencv\include\cvstreams.h" />
		<Unit filename="..\..\..\addons\ofxOpenCv\libs\opencv\include\cvtypes.h" />
		<Unit filename="..\..\..\addons\ofxOpenCv\libs\opencv\include\cvver.h" />
		<Unit filename="..\..\..\addons\ofxOpenCv\libs\opencv\include\cvvidsurv.hpp" />
		<Unit filename="..\..\..\addons\ofxOpenCv\libs\opencv\include\cxcore.h" />
		<Unit filename="..\..\..\addons\ofxOpenCv\libs\opencv\include\cxcore.hpp" />
		<Unit filename="..\..\..\addons\ofxOpenCv\libs\opencv\include\cxerror.h" />
		<Unit filename="..\..\..\addons\ofxOpenCv\libs\opencv\include\cxmisc.h" />
		<Unit filename="..\..\..\addons\ofxOpenCv\libs\opencv\include\cxtypes.h" />
		<Unit filename="..\..\..\addons\ofxOpenCv\src\ofCvTrackedBlob.h" />
		<Unit filename="..\..\..\addons\ofxOpenCv\src\ofxCvBlob.h" />
		<Unit filename="..\..\..\addons\ofxOpenCv\src\ofxCvColorImage.cpp" />
		<Unit filename="..\..\..\addons\ofxOpenCv\src\ofxCvColorImage.h" />
		<Unit filename="..\..\..\addons\ofxOpenCv\src\ofxCvConstants.h" />
		<Unit filename="..\..\..\addons\ofxOpenCv\src\ofxCvConstants_old.h" />
		<Unit filename="..\..\..\addons\ofxOpenCv\src\ofxCvContourFinder.cpp" />
		<Unit filename="..\..\..\addons\ofxOpenCv\src\ofxCvContourFinder.h" />
		<Unit filename="..\..\..\addons\ofxOpenCv\src\ofxCvFloatImage.cpp" />
		<Unit filename="..\..\..\addons\ofxOpenCv\src\ofxCvFloatImage.h" />
		<Unit filename="..\..\..\addons\ofxOpenCv\src\ofxCvGrayscaleImage.cpp" />
		<Unit filename="..\..\..\addons\ofxOpenCv\src\ofxCvGrayscaleImage.h" />
		<Unit filename="..\..\..\addons\ofxOpenCv\src\ofxCvImage.cpp" />
		<Unit filename="..\..\..\addons\ofxOpenCv\src\ofxCvImage.h" />
		<Unit filename="..\..\..\addons\ofxOpenCv\src\ofxCvMain.h" />
		<Unit filename="..\..\..\addons\ofxOpenCv\src\ofxTBetaCvBlob.h" />
		<Unit filename="..\..\..\addons\ofxOpenCv\src\ofxTBetaCvContourFinder.cpp" />
		<Unit filename="..\..\..\addons\ofxOpenCv\src\ofxTBetaCvContourFinder.h" />
		<Unit filename="..\..\..\addons\ofxOpenCv\src\old_ ofxCvBlob.h" />
		<Unit filename="..\..\..\addons\ofxOpenCv\src\old_ofxCvConstants.h" />
		<Unit filename="..\..\..\addons\ofxOsc\src\ofxOsc.h">
			<Option virtualFolder="addons\ofxOsc\src\" />
		</Unit>
		<Unit filename="..\..\..\addons\ofxOsc\src\ofxOscArg.h">
			<Option virtualFolder="addons\ofxOsc\src\" />
		</Unit>
		<Unit filename="..\..\..\addons\ofxOsc\src\ofxOscBundle.cpp">
			<Option virtualFolder="addons\ofxOsc\src\" />
		</Unit>
		<Unit filename="..\..\..\addons\ofxOsc\src\ofxOscBundle.h">
			<Option virtualFolder="addons\ofxOsc\src\" />
		</Unit>
		<Unit filename="..\..\..\addons\ofxOsc\src\ofxOscMessage.cpp">
			<Option virtualFolder="addons\ofxOsc\src\" />
		</Unit>
		<Unit filename="..\..\..\addons\ofxOsc\src\ofxOscMessage.h">
			<Option virtualFolder="addons\ofxOsc\src\" />
		</Unit>
		<Unit filename="..\..\..\addons\ofxOsc\src\ofxOscReceiver.cpp">
			<Option virtualFolder="addons\ofxOsc\src\" />
		</Unit>
		<Unit filename="..\..\..\addons\ofxOsc\src\ofxOscReceiver.h">
			<Option virtualFolder="addons\ofxOsc\src\" />
		</Unit>
		<Unit filename="..\..\..\addons\ofxOsc\src\ofxOscSender.cpp">
			<Option virtualFolder="addons\ofxOsc\src\" />
		</Unit>
		<Unit filename="..\..\..\addons\ofxOsc\src\ofxOscSender.h">
			<Option virtualFolder="addons\ofxOsc\src\" />
		</Unit>
		<Unit filename="..\..\..\addons\ofxTBeta\Calibration\boxAlign.cpp" />
		<Unit filename="..\..\..\addons\ofxTBeta\Calibration\boxAlign.h" />
		<Unit filename="..\..\..\addons\ofxTBeta\Calibration\calibrationB.cpp" />
		<Unit filename="..\..\..\addons\ofxTBeta\Calibration\calibrationB.h" />
		<Unit filename="..\..\..\addons\ofxTBeta\Calibration\rect2d.h" />
		<Unit filename="..\..\..\addons\ofxTBeta\Calibration\vector2d.h" />
		<Unit filename="..\..\..\addons\ofxTBeta\Communication\TUIOOSC.cpp" />
		<Unit filename="..\..\..\addons\ofxTBeta\Communication\TUIOOSC.h" />
		<Unit filename="..\..\..\addons\ofxTBeta\Filters\ImageFilter.cpp" />
		<Unit filename="..\..\..\addons\ofxTBeta\Filters\ImageFilter.h" />
		<Unit filename="..\..\..\addons\ofxTBeta\Filters\ShaderProgram.cpp" />
		<Unit filename="..\..\..\addons\ofxTBeta\Filters\ShaderProgram.h" />
		<Unit filename="..\..\..\addons\ofxTBeta\TBetaBase.cpp" />
		<Unit filename="..\..\..\addons\ofxTBeta\TBetaBase.h" />
		<Unit filename="..\..\..\addons\ofxTBeta\TouchMessenger.cpp" />
		<Unit filename="..\..\..\addons\ofxTBeta\TouchMessenger.h" />
		<Unit filename="..\..\..\addons\ofxTBeta\Tracking\BlobManager.cpp" />
		<Unit filename="..\..\..\addons\ofxTBeta\Tracking\BlobManager.h" />
		<Unit filename="..\..\..\addons\ofxTBeta\Tracking\tracking.cpp" />
		<Unit filename="..\..\..\addons\ofxTBeta\Tracking\tracking.h" />
		<Unit filename="..\..\..\addons\ofxTBeta\gui.h" />
		<Unit filename="..\..\..\addons\ofxTBeta\ofxGui\ofxGui.cpp" />
		<Unit filename="..\..\..\addons\ofxTBeta\ofxGui\ofxGui.h" />
		<Unit filename="..\..\..\addons\ofxTBeta\ofxGui\ofxGuiButton.cpp" />
		<Unit filename="..\..\..\addons\ofxTBeta\ofxGui\ofxGuiButton.h" />
		<Unit filename="..\..\..\addons\ofxTBeta\ofxGui\ofxGuiColor.cpp" />
		<Unit filename="..\..\..\addons\ofxTBeta\ofxGui\ofxGuiColor.h" />
		<Unit filename="..\..\..\addons\ofxTBeta\ofxGui\ofxGuiFiles.cpp" />
		<Unit filename="..\..\..\addons\ofxTBeta\ofxGui\ofxGuiFiles.h" />
		<Unit filename="..\..\..\addons\ofxTBeta\ofxGui\ofxGuiGlobals.cpp" />
		<Unit filename="..\..\..\addons\ofxTBeta\ofxGui\ofxGuiGlobals.h" />
		<Unit filename="..\..\..\addons\ofxTBeta\ofxGui\ofxGuiKnob.cpp" />
		<Unit filename="..\..\..\addons\ofxTBeta\ofxGui\ofxGuiKnob.h" />
		<Unit filename="..\..\..\addons\ofxTBeta\ofxGui\ofxGuiMatrix.cpp" />
		<Unit filename="..\..\..\addons\ofxTBeta\ofxGui\ofxGuiMatrix.h" />
		<Unit filename="..\..\..\addons\ofxTBeta\ofxGui\ofxGuiObject.cpp" />
		<Unit filename="..\..\..\addons\ofxTBeta\ofxGui\ofxGuiObject.h" />
		<Unit filename="..\..\..\addons\ofxTBeta\ofxGui\ofxGuiPanel.cpp" />
		<Unit filename="..\..\..\addons\ofxTBeta\ofxGui\ofxGuiPanel.h" />
		<Unit filename="..\..\..\addons\ofxTBeta\ofxGui\ofxGuiPoints.cpp" />
		<Unit filename="..\..\..\addons\ofxTBeta\ofxGui\ofxGuiPoints.h" />
		<Unit filename="..\..\..\addons\ofxTBeta\ofxGui\ofxGuiRadar.cpp" />
		<Unit filename="..\..\..\addons\ofxTBeta\ofxGui\ofxGuiRadar.h" />
		<Unit filename="..\..\..\addons\ofxTBeta\ofxGui\ofxGuiScope.cpp" />
		<Unit filename="..\..\..\addons\ofxTBeta\ofxGui\ofxGuiScope.h" />
		<Unit filename="..\..\..\addons\ofxTBeta\ofxGui\ofxGuiSlider.cpp" />
		<Unit filename="..\..\..\addons\ofxTBeta\ofxGui\ofxGuiSlider.h" />
		<Unit filename="..\..\..\addons\ofxTBeta\ofxGui\ofxGuiTypes.h" />
		<Unit filename="..\..\..\addons\ofxTBeta\ofxGui\ofxGuiXYPad.cpp" />
		<Unit filename="..\..\..\addons\ofxTBeta\ofxGui\ofxGuiXYPad.h" />
		<Unit filename="..\..\..\addons\ofxTBeta\ofxTBeta.h" />
		<Unit filename="..\..\..\addons\ofxVectorMath\src\ofxMatrix3x3.h">
			<Option virtualFolder="addons\ofxVectorMath\src\" />
		</Unit>
		<Unit filename="..\..\..\addons\ofxVectorMath\src\ofxPoint2f.h">
			<Option virtualFolder="addons\ofxVectorMath\src\" />
		</Unit>
		<Unit filename="..\..\..\addons\ofxVectorMath\src\ofxPoint3f.h">
			<Option virtualFolder="addons\ofxVectorMath\src\" />
		</Unit>
		<Unit filename="..\..\..\addons\ofxVectorMath\src\ofxPoint4f.h">
			<Option virtualFolder="addons\ofxVectorMath\src\" />
		</Unit>
		<Unit filename="..\..\..\addons\ofxVectorMath\src\ofxVec2f.h">
			<Option virtualFolder="addons\ofxVectorMath\src\" />
		</Unit>
		<Unit filename="..\..\..\addons\ofxVectorMath\src\ofxVec3f.h">
			<Option virtualFolder="addons\ofxVectorMath\src\" />
		</Unit>
		<Unit filename="..\..\..\addons\ofxVectorMath\src\ofxVec4f.h">
			<Option virtualFolder="addons\ofxVectorMath\src\" />
		</Unit>
		<Unit filename="..\..\..\addons\ofxVectorMath\src\ofxVectorMath.h">
			<Option virtualFolder="addons\ofxVectorMath\src\" />
		</Unit>
		<Unit filename="..\..\..\addons\ofxXmlSettings\libs\tinyxml.cpp">
			<Option virtualFolder="addons\oxXmlSettings\libs\" />
		</Unit>
		<Unit filename="..\..\..\addons\ofxXmlSettings\libs\tinyxml.h">
			<Option virtualFolder="addons\oxXmlSettings\libs\" />
		</Unit>
		<Unit filename="..\..\..\addons\ofxXmlSettings\libs\tinyxmlerror.cpp">
			<Option virtualFolder="addons\oxXmlSettings\libs\" />
		</Unit>
		<Unit filename="..\..\..\addons\ofxXmlSettings\libs\tinyxmlparser.cpp">
			<Option virtualFolder="addons\oxXmlSettings\libs\" />
		</Unit>
		<Unit filename="..\..\..\addons\ofxXmlSettings\src\ofxXmlSettings.cpp">
			<Option virtualFolder="addons\oxXmlSettings\src\" />
		</Unit>
		<Unit filename="..\..\..\addons\ofxXmlSettings\src\ofxXmlSettings.h">
			<Option virtualFolder="addons\oxXmlSettings\src\" />
		</Unit>
		<Unit filename="..\Configapp\src\main.cpp">
			<Option virtualFolder="src\" />
		</Unit>
		<Unit filename="..\Configapp\src\testApp.cpp">
			<Option virtualFolder="src\" />
		</Unit>
		<Unit filename="..\Configapp\src\testApp.h">
			<Option virtualFolder="src\" />
		</Unit>
		<Unit filename="..\..\..\libs\openFrameworks\app\ofAppGlutGlue.h">
			<Option virtualFolder="libs\openframeworks\app\" />
		</Unit>
		<Unit filename="..\..\..\libs\openFrameworks\app\ofAppRunner.cpp">
			<Option virtualFolder="libs\openframeworks\app\" />
		</Unit>
		<Unit filename="..\..\..\libs\openFrameworks\app\ofAppRunner.h">
			<Option virtualFolder="libs\openframeworks\app\" />
		</Unit>
		<Unit filename="..\..\..\libs\openFrameworks\app\ofSimpleApp.h">
			<Option virtualFolder="libs\openframeworks\app\" />
		</Unit>
		<Unit filename="..\..\..\libs\openFrameworks\communication\ofArduino.cpp">
			<Option virtualFolder="libs\openframeworks\communication\" />
		</Unit>
		<Unit filename="..\..\..\libs\openFrameworks\communication\ofArduino.h">
			<Option virtualFolder="libs\openframeworks\communication\" />
		</Unit>
		<Unit filename="..\..\..\libs\openFrameworks\communication\ofSerial.cpp">
			<Option virtualFolder="libs\openframeworks\communication\" />
		</Unit>
		<Unit filename="..\..\..\libs\openFrameworks\communication\ofSerial.h">
			<Option virtualFolder="libs\openframeworks\communication\" />
		</Unit>
		<Unit filename="..\..\..\libs\openFrameworks\communication\ofStandardFirmata.cpp">
			<Option virtualFolder="libs\openframeworks\communication\" />
		</Unit>
		<Unit filename="..\..\..\libs\openFrameworks\communication\ofStandardFirmata.h">
			<Option virtualFolder="libs\openframeworks\communication\" />
		</Unit>
		<Unit filename="..\..\..\libs\openFrameworks\events\ofAppEvents.cpp">
			<Option virtualFolder="libs\openframeworks\events\" />
		</Unit>
		<Unit filename="..\..\..\libs\openFrameworks\events\ofAppEvents.h">
			<Option virtualFolder="libs\openframeworks\events\" />
		</Unit>
		<Unit filename="..\..\..\libs\openFrameworks\events\ofAudioEvents.cpp">
			<Option virtualFolder="libs\openframeworks\events\" />
		</Unit>
		<Unit filename="..\..\..\libs\openFrameworks\events\ofAudioEvents.h">
			<Option virtualFolder="libs\openframeworks\events\" />
		</Unit>
		<Unit filename="..\..\..\libs\openFrameworks\events\ofEventModel.cpp">
			<Option virtualFolder="libs\openframeworks\events\" />
		</Unit>
		<Unit filename="..\..\..\libs\openFrameworks\events\ofEventModel.h">
			<Option virtualFolder="libs\openframeworks\events\" />
		</Unit>
		<Unit filename="..\..\..\libs\openFrameworks\events\ofKeyEvents.cpp">
			<Option virtualFolder="libs\openframeworks\events\" />
		</Unit>
		<Unit filename="..\..\..\libs\openFrameworks\events\ofKeyEvents.h">
			<Option virtualFolder="libs\openframeworks\events\" />
		</Unit>
		<Unit filename="..\..\..\libs\openFrameworks\events\ofMouseEvents.cpp">
			<Option virtualFolder="libs\openframeworks\events\" />
		</Unit>
		<Unit filename="..\..\..\libs\openFrameworks\events\ofMouseEvents.h">
			<Option virtualFolder="libs\openframeworks\events\" />
		</Unit>
		<Unit filename="..\..\..\libs\openFrameworks\graphics\ofGraphics.cpp">
			<Option virtualFolder="libs\openframeworks\graphics\" />
		</Unit>
		<Unit filename="..\..\..\libs\openFrameworks\graphics\ofGraphics.h">
			<Option virtualFolder="libs\openframeworks\graphics\" />
		</Unit>
		<Unit filename="..\..\..\libs\openFrameworks\graphics\ofImage.cpp">
			<Option virtualFolder="libs\openframeworks\graphics\" />
		</Unit>
		<Unit filename="..\..\..\libs\openFrameworks\graphics\ofImage.h">
			<Option virtualFolder="libs\openframeworks\graphics\" />
		</Unit>
		<Unit filename="..\..\..\libs\openFrameworks\graphics\ofTexture.cpp">
			<Option virtualFolder="libs\openframeworks\graphics\" />
		</Unit>
		<Unit filename="..\..\..\libs\openFrameworks\graphics\ofTexture.h">
			<Option virtualFolder="libs\openframeworks\graphics\" />
		</Unit>
		<Unit filename="..\..\..\libs\openFrameworks\graphics\ofTrueTypeFont.cpp">
			<Option virtualFolder="libs\openframeworks\graphics\" />
		</Unit>
		<Unit filename="..\..\..\libs\openFrameworks\graphics\ofTrueTypeFont.h">
			<Option virtualFolder="libs\openframeworks\graphics\" />
		</Unit>
		<Unit filename="..\..\..\libs\openFrameworks\ofMain.h">
			<Option virtualFolder="libs\openframeworks\" />
		</Unit>
		<Unit filename="..\..\..\libs\openFrameworks\sound\ofSoundPlayer.cpp">
			<Option virtualFolder="libs\openframeworks\sound\" />
		</Unit>
		<Unit filename="..\..\..\libs\openFrameworks\sound\ofSoundPlayer.h">
			<Option virtualFolder="libs\openframeworks\sound\" />
		</Unit>
		<Unit filename="..\..\..\libs\openFrameworks\sound\ofSoundStream.cpp">
			<Option virtualFolder="libs\openframeworks\sound\" />
		</Unit>
		<Unit filename="..\..\..\libs\openFrameworks\sound\ofSoundStream.h">
			<Option virtualFolder="libs\openframeworks\sound\" />
		</Unit>
		<Unit filename="..\..\..\libs\openFrameworks\utils\ofConstants.h">
			<Option virtualFolder="libs\openframeworks\utils\" />
		</Unit>
		<Unit filename="..\..\..\libs\openFrameworks\utils\ofMath.cpp">
			<Option virtualFolder="libs\openframeworks\utils\" />
		</Unit>
		<Unit filename="..\..\..\libs\openFrameworks\utils\ofMath.h">
			<Option virtualFolder="libs\openframeworks\utils\" />
		</Unit>
		<Unit filename="..\..\..\libs\openFrameworks\utils\ofTypes.h">
			<Option virtualFolder="libs\openframeworks\utils\" />
		</Unit>
		<Unit filename="..\..\..\libs\openFrameworks\utils\ofUtils.cpp">
			<Option virtualFolder="libs\openframeworks\utils\" />
		</Unit>
		<Unit filename="..\..\..\libs\openFrameworks\utils\ofUtils.h">
			<Option virtualFolder="libs\openframeworks\utils\" />
		</Unit>
		<Unit filename="..\..\..\libs\openFrameworks\video\ofQtUtils.cpp">
			<Option virtualFolder="libs\openframeworks\video\" />
		</Unit>
		<Unit filename="..\..\..\libs\openFrameworks\video\ofQtUtils.h">
			<Option virtualFolder="libs\openframeworks\video\" />
		</Unit>
		<Unit filename="..\..\..\libs\openFrameworks\video\ofVideoGrabber.cpp">
			<Option virtualFolder="libs\openframeworks\video\" />
		</Unit>
		<Unit filename="..\..\..\libs\openFrameworks\video\ofVideoGrabber.h">
			<Option virtualFolder="libs\openframeworks\video\" />
		</Unit>
		<Unit filename="..\..\..\libs\openFrameworks\video\ofVideoPlayer.cpp">
			<Option virtualFolder="libs\openframeworks\video\" />
		</Unit>
		<Unit filename="..\..\..\libs\openFrameworks\video\ofVideoPlayer.h">
			<Option virtualFolder="libs\openframeworks\video\" />
		</Unit>
		<Extensions>
			<code_completion />
			<debugger />
			<envvars />
		</Extensions>
	</Project>
</CodeBlocks_project_file>
